{
  "version": 4,
  "terraform_version": "1.5.4",
  "serial": 12,
  "lineage": "a91cabe6-adf4-7947-b2fa-966e5cb288ad",
  "outputs": {
    "filepath": {
      "value": "kainos.txt",
      "type": "string"
    }
  },
  "resources": [
    {
      "mode": "managed",
      "type": "local_file",
      "name": "hello",
      "provider": "provider[\"registry.terraform.io/hashicorp/local\"]",
      "instances": [
        {
          "schema_version": 0,
          "attributes": {
            "content": "kainos rules",
            "content_base64": null,
            "content_base64sha256": "J2QKbtQ9vxhLVKe89N011A6qYzQIxjxKMaX9CcMXFqo=",
            "content_base64sha512": "Fi/7QC22LvwlWfD/6i6/mSdE8lFLY4BPsA1VVVKNpJ7Qxf8mB3EhW3Y+fL2GWW13HUuvY9pLa44bUA79ikv7Dw==",
            "content_md5": "6adf70c038cde33fa4e137da4f39d4be",
            "content_sha1": "466e75dcf263f00fb56957133859ea835f55e83a",
            "content_sha256": "27640a6ed43dbf184b54a7bcf4dd35d40eaa633408c63c4a31a5fd09c31716aa",
            "content_sha512": "162ffb402db62efc2559f0ffea2ebf992744f2514b63804fb00d5555528da49ed0c5ff260771215b763e7cbd86596d771d4baf63da4b6b8e1b500efd8a4bfb0f",
            "directory_permission": "0777",
            "file_permission": "0777",
            "filename": "kainos.txt",
            "id": "466e75dcf263f00fb56957133859ea835f55e83a",
            "sensitive_content": null,
            "source": null
          },
          "sensitive_attributes": []
        }
      ]
    }
  ],
  "check_results": null
}
