{
  "version": 4,
  "terraform_version": "1.5.4",
  "serial": 9,
  "lineage": "a91cabe6-adf4-7947-b2fa-966e5cb288ad",
  "outputs": {
    "filepath": {
      "value": "hello.txt",
      "type": "string"
    }
  },
  "resources": [
    {
      "mode": "managed",
      "type": "local_file",
      "name": "hello",
      "provider": "provider[\"registry.terraform.io/hashicorp/local\"]",
      "instances": [
        {
          "schema_version": 0,
          "attributes": {
            "content": "hello again",
            "content_base64": null,
            "content_base64sha256": "OQjFZ/7acrwNvbLf8ED+DTRw3NUblCN0N4pHaTDb9rM=",
            "content_base64sha512": "pOXyIIPBf0bKQj84kY/J+iUnySPoqvSfx2qDegBa/BT9qdf3SR/m22i6BvBP4eNKr1CjHGjNDIdjz/Mon5WbjQ==",
            "content_md5": "44997f87b891f89472b7f2bbe4e000c3",
            "content_sha1": "714d500fdb9ddeb5b957022131ac8a13c437a3bd",
            "content_sha256": "3908c567feda72bc0dbdb2dff040fe0d3470dcd51b942374378a476930dbf6b3",
            "content_sha512": "a4e5f22083c17f46ca423f38918fc9fa2527c923e8aaf49fc76a837a005afc14fda9d7f7491fe6db68ba06f04fe1e34aaf50a31c68cd0c8763cff3289f959b8d",
            "directory_permission": "0777",
            "file_permission": "0777",
            "filename": "hello.txt",
            "id": "714d500fdb9ddeb5b957022131ac8a13c437a3bd",
            "sensitive_content": null,
            "source": null
          },
          "sensitive_attributes": []
        }
      ]
    }
  ],
  "check_results": null
}
